
Microsoft Visual Studio Solution File, Format Version 12.00
# Visual Studio Version 17
VisualStudioVersion = 17.7.34024.191
MinimumVisualStudioVersion = 10.0.40219.1
Project("{FAE04EC0-301F-11D3-BF4B-00C04F79EFBC}") = "MySite", "MySite\MySite.csproj", "{3EE4CA0F-2F49-4684-BF72-B6B9792F070E}"
EndProject
Global
	GlobalSection(SolutionConfigurationPlatforms) = preSolution
		Debug|Any CPU = Debug|Any CPU
		Release|Any CPU = Release|Any CPU
	EndGlobalSection
	GlobalSection(ProjectConfigurationPlatforms) = postSolution
		{3EE4CA0F-2F49-4684-BF72-B6B9792F070E}.Debug|Any CPU.ActiveCfg = Debug|Any CPU
		{3EE4CA0F-2F49-4684-BF72-B6B9792F070E}.Debug|Any CPU.Build.0 = Debug|Any CPU
		{3EE4CA0F-2F49-4684-BF72-B6B9792F070E}.Release|Any CPU.ActiveCfg = Release|Any CPU
		{3EE4CA0F-2F49-4684-BF72-B6B9792F070E}.Release|Any CPU.Build.0 = Release|Any CPU
	EndGlobalSection
	GlobalSection(SolutionProperties) = preSolution
		HideSolutionNode = FALSE
	EndGlobalSection
	GlobalSection(ExtensibilityGlobals) = postSolution
		SolutionGuid = {0F4AC5D8-FA04-4DD6-ADE7-8C97933C6A90}
	EndGlobalSection
EndGlobal
